{
  "name": "victim-build",
  "version": "1.0.0",
  "lockfileVersion": 3,
  "requires": true,
  "packages": {
    "": {
      "name": "victim-build",
      "version": "1.0.0",
      "dependencies": {
        "compromised-dependency": "file:../compromised-dependency"
      }
    },
    "../compromised-dependency": {
      "version": "1.0.0",
      "hasInstallScript": true
    },
    "node_modules/compromised-dependency": {
      "resolved": "../compromised-dependency",
      "link": true
    }
  }
}
